
Microsoft Visual Studio Solution File, Format Version 12.00
# Visual Studio 14
VisualStudioVersion = 14.0.25420.1
MinimumVisualStudioVersion = 10.0.40219.1
Project("{FAE04EC0-301F-11D3-BF4B-00C04F79EFBC}") = "SixtenLabs.Simulacrum.Tests", "src\SixtenLabs.Simulacrum.Tests\SixtenLabs.Simulacrum.Tests.csproj", "{9B1A349A-4E7A-433D-938B-90D90EE932B4}"
EndProject
Project("{FAE04EC0-301F-11D3-BF4B-00C04F79EFBC}") = "SixtenLabs.Simulacrum.ConsoleTest", "src\SixtenLabs.Simulacrum.ConsoleTest\SixtenLabs.Simulacrum.ConsoleTest.csproj", "{5BFCE6A7-5391-4174-9125-9F7824B99584}"
EndProject
Project("{2150E333-8FDC-42A3-9474-1A3956D46DE8}") = "Tests", "Tests", "{634AABE6-121F-4A0A-BF16-7EF81F2B462D}"
EndProject
Project("{2150E333-8FDC-42A3-9474-1A3956D46DE8}") = "Samples", "Samples", "{90462FA7-8F68-4BB2-B9CC-0DE34E709422}"
EndProject
Project("{FAE04EC0-301F-11D3-BF4B-00C04F79EFBC}") = "SixtenLabs.Simulacrum", "src\SixtenLabs.Simulacrum\SixtenLabs.Simulacrum.csproj", "{5CB73654-8588-4276-8CD0-93FE415B8EA6}"
EndProject
Global
	GlobalSection(SolutionConfigurationPlatforms) = preSolution
		Debug|Any CPU = Debug|Any CPU
		Debug|x64 = Debug|x64
		Release|Any CPU = Release|Any CPU
		Release|x64 = Release|x64
	EndGlobalSection
	GlobalSection(ProjectConfigurationPlatforms) = postSolution
		{9B1A349A-4E7A-433D-938B-90D90EE932B4}.Debug|Any CPU.ActiveCfg = Debug|Any CPU
		{9B1A349A-4E7A-433D-938B-90D90EE932B4}.Debug|Any CPU.Build.0 = Debug|Any CPU
		{9B1A349A-4E7A-433D-938B-90D90EE932B4}.Debug|x64.ActiveCfg = Debug|x64
		{9B1A349A-4E7A-433D-938B-90D90EE932B4}.Debug|x64.Build.0 = Debug|x64
		{9B1A349A-4E7A-433D-938B-90D90EE932B4}.Release|Any CPU.ActiveCfg = Release|Any CPU
		{9B1A349A-4E7A-433D-938B-90D90EE932B4}.Release|Any CPU.Build.0 = Release|Any CPU
		{9B1A349A-4E7A-433D-938B-90D90EE932B4}.Release|x64.ActiveCfg = Release|x64
		{9B1A349A-4E7A-433D-938B-90D90EE932B4}.Release|x64.Build.0 = Release|x64
		{5BFCE6A7-5391-4174-9125-9F7824B99584}.Debug|Any CPU.ActiveCfg = Debug|Any CPU
		{5BFCE6A7-5391-4174-9125-9F7824B99584}.Debug|Any CPU.Build.0 = Debug|Any CPU
		{5BFCE6A7-5391-4174-9125-9F7824B99584}.Debug|x64.ActiveCfg = Debug|x64
		{5BFCE6A7-5391-4174-9125-9F7824B99584}.Debug|x64.Build.0 = Debug|x64
		{5BFCE6A7-5391-4174-9125-9F7824B99584}.Release|Any CPU.ActiveCfg = Release|Any CPU
		{5BFCE6A7-5391-4174-9125-9F7824B99584}.Release|Any CPU.Build.0 = Release|Any CPU
		{5BFCE6A7-5391-4174-9125-9F7824B99584}.Release|x64.ActiveCfg = Release|x64
		{5BFCE6A7-5391-4174-9125-9F7824B99584}.Release|x64.Build.0 = Release|x64
		{5CB73654-8588-4276-8CD0-93FE415B8EA6}.Debug|Any CPU.ActiveCfg = Debug|Any CPU
		{5CB73654-8588-4276-8CD0-93FE415B8EA6}.Debug|Any CPU.Build.0 = Debug|Any CPU
		{5CB73654-8588-4276-8CD0-93FE415B8EA6}.Debug|x64.ActiveCfg = Debug|Any CPU
		{5CB73654-8588-4276-8CD0-93FE415B8EA6}.Debug|x64.Build.0 = Debug|Any CPU
		{5CB73654-8588-4276-8CD0-93FE415B8EA6}.Release|Any CPU.ActiveCfg = Release|Any CPU
		{5CB73654-8588-4276-8CD0-93FE415B8EA6}.Release|Any CPU.Build.0 = Release|Any CPU
		{5CB73654-8588-4276-8CD0-93FE415B8EA6}.Release|x64.ActiveCfg = Release|Any CPU
		{5CB73654-8588-4276-8CD0-93FE415B8EA6}.Release|x64.Build.0 = Release|Any CPU
	EndGlobalSection
	GlobalSection(SolutionProperties) = preSolution
		HideSolutionNode = FALSE
	EndGlobalSection
	GlobalSection(NestedProjects) = preSolution
		{9B1A349A-4E7A-433D-938B-90D90EE932B4} = {634AABE6-121F-4A0A-BF16-7EF81F2B462D}
		{5BFCE6A7-5391-4174-9125-9F7824B99584} = {90462FA7-8F68-4BB2-B9CC-0DE34E709422}
	EndGlobalSection
EndGlobal
